
Microsoft Visual Studio Solution File, Format Version 12.00
# Visual Studio Version 17
VisualStudioVersion = 17.6.33815.320
MinimumVisualStudioVersion = 10.0.40219.1
Project("{FAE04EC0-301F-11D3-BF4B-00C04F79EFBC}") = "Lista69B.Infrastructure", "Lista69B.Infrastructure\Lista69B.Infrastructure.csproj", "{2ADF79EB-3E84-4790-8DDF-BDEA42748B3B}"
EndProject
Project("{FAE04EC0-301F-11D3-BF4B-00C04F79EFBC}") = "Lista69B.Domain", "Lista69B.Domain\Lista69B.Domain.csproj", "{C75ED044-2979-4A47-828B-61DCD5172CFE}"
EndProject
Project("{FAE04EC0-301F-11D3-BF4B-00C04F79EFBC}") = "Lista69B.Application", "Lista69B.Application\Lista69B.Application.csproj", "{5F26C1E6-A450-4407-B51C-7BF7CBFA0DFE}"
EndProject
Project("{FAE04EC0-301F-11D3-BF4B-00C04F79EFBC}") = "Lista69B.API", "Lista69B.API\Lista69B.API.csproj", "{19CC1B57-F32C-402F-B159-B18EFA2E37F6}"
EndProject
Global
	GlobalSection(SolutionConfigurationPlatforms) = preSolution
		Debug|Any CPU = Debug|Any CPU
		Release|Any CPU = Release|Any CPU
	EndGlobalSection
	GlobalSection(ProjectConfigurationPlatforms) = postSolution
		{2ADF79EB-3E84-4790-8DDF-BDEA42748B3B}.Debug|Any CPU.ActiveCfg = Debug|Any CPU
		{2ADF79EB-3E84-4790-8DDF-BDEA42748B3B}.Debug|Any CPU.Build.0 = Debug|Any CPU
		{2ADF79EB-3E84-4790-8DDF-BDEA42748B3B}.Release|Any CPU.ActiveCfg = Release|Any CPU
		{2ADF79EB-3E84-4790-8DDF-BDEA42748B3B}.Release|Any CPU.Build.0 = Release|Any CPU
		{C75ED044-2979-4A47-828B-61DCD5172CFE}.Debug|Any CPU.ActiveCfg = Debug|Any CPU
		{C75ED044-2979-4A47-828B-61DCD5172CFE}.Debug|Any CPU.Build.0 = Debug|Any CPU
		{C75ED044-2979-4A47-828B-61DCD5172CFE}.Release|Any CPU.ActiveCfg = Release|Any CPU
		{C75ED044-2979-4A47-828B-61DCD5172CFE}.Release|Any CPU.Build.0 = Release|Any CPU
		{5F26C1E6-A450-4407-B51C-7BF7CBFA0DFE}.Debug|Any CPU.ActiveCfg = Debug|Any CPU
		{5F26C1E6-A450-4407-B51C-7BF7CBFA0DFE}.Debug|Any CPU.Build.0 = Debug|Any CPU
		{5F26C1E6-A450-4407-B51C-7BF7CBFA0DFE}.Release|Any CPU.ActiveCfg = Release|Any CPU
		{5F26C1E6-A450-4407-B51C-7BF7CBFA0DFE}.Release|Any CPU.Build.0 = Release|Any CPU
		{19CC1B57-F32C-402F-B159-B18EFA2E37F6}.Debug|Any CPU.ActiveCfg = Debug|Any CPU
		{19CC1B57-F32C-402F-B159-B18EFA2E37F6}.Debug|Any CPU.Build.0 = Debug|Any CPU
		{19CC1B57-F32C-402F-B159-B18EFA2E37F6}.Release|Any CPU.ActiveCfg = Release|Any CPU
		{19CC1B57-F32C-402F-B159-B18EFA2E37F6}.Release|Any CPU.Build.0 = Release|Any CPU
	EndGlobalSection
	GlobalSection(SolutionProperties) = preSolution
		HideSolutionNode = FALSE
	EndGlobalSection
	GlobalSection(ExtensibilityGlobals) = postSolution
		SolutionGuid = {771FF08B-9BB3-4453-A087-283CCEA33413}
	EndGlobalSection
EndGlobal
